
Microsoft Visual Studio Solution File, Format Version 12.00
# Visual Studio Version 17
VisualStudioVersion = 17.7.34031.279
MinimumVisualStudioVersion = 10.0.40219.1
Project("{FAE04EC0-301F-11D3-BF4B-00C04F79EFBC}") = "Course46", "Course46\Course46.csproj", "{B61932B0-3E09-4784-A68C-3875DD97864F}"
EndProject
Global
	GlobalSection(SolutionConfigurationPlatforms) = preSolution
		Debug|Any CPU = Debug|Any CPU
		Release|Any CPU = Release|Any CPU
	EndGlobalSection
	GlobalSection(ProjectConfigurationPlatforms) = postSolution
		{B61932B0-3E09-4784-A68C-3875DD97864F}.Debug|Any CPU.ActiveCfg = Debug|Any CPU
		{B61932B0-3E09-4784-A68C-3875DD97864F}.Debug|Any CPU.Build.0 = Debug|Any CPU
		{B61932B0-3E09-4784-A68C-3875DD97864F}.Release|Any CPU.ActiveCfg = Release|Any CPU
		{B61932B0-3E09-4784-A68C-3875DD97864F}.Release|Any CPU.Build.0 = Release|Any CPU
	EndGlobalSection
	GlobalSection(SolutionProperties) = preSolution
		HideSolutionNode = FALSE
	EndGlobalSection
	GlobalSection(ExtensibilityGlobals) = postSolution
		SolutionGuid = {1BBB8C91-054F-4F5C-BD69-962813B876AD}
	EndGlobalSection
EndGlobal
